
Microsoft Visual Studio Solution File, Format Version 12.00
# Visual Studio Version 16
VisualStudioVersion = 16.0.30413.136
MinimumVisualStudioVersion = 10.0.40219.1
Project("{9A19103F-16F7-4668-BE54-9A1E7A4F7556}") = "Simulation.Service", "Simulation.Service.csproj", "{8F1756FF-B842-47E8-B021-8640CF90ECF8}"
EndProject
Global
	GlobalSection(SolutionConfigurationPlatforms) = preSolution
		Debug|Any CPU = Debug|Any CPU
		Release|Any CPU = Release|Any CPU
	EndGlobalSection
	GlobalSection(ProjectConfigurationPlatforms) = postSolution
		{8F1756FF-B842-47E8-B021-8640CF90ECF8}.Debug|Any CPU.ActiveCfg = Debug|Any CPU
		{8F1756FF-B842-47E8-B021-8640CF90ECF8}.Debug|Any CPU.Build.0 = Debug|Any CPU
		{8F1756FF-B842-47E8-B021-8640CF90ECF8}.Release|Any CPU.ActiveCfg = Release|Any CPU
		{8F1756FF-B842-47E8-B021-8640CF90ECF8}.Release|Any CPU.Build.0 = Release|Any CPU
	EndGlobalSection
	GlobalSection(SolutionProperties) = preSolution
		HideSolutionNode = FALSE
	EndGlobalSection
	GlobalSection(ExtensibilityGlobals) = postSolution
		SolutionGuid = {90DD352D-D73A-4223-8BA2-A5A9C33E80A0}
	EndGlobalSection
EndGlobal
